
Microsoft Visual Studio Solution File, Format Version 12.00
# Visual Studio Version 16
VisualStudioVersion = 16.0.30717.126
MinimumVisualStudioVersion = 10.0.40219.1
Project("{FAE04EC0-301F-11D3-BF4B-00C04F79EFBC}") = "calendar", "calendar\calendar.csproj", "{9F2A3003-79C6-4CB8-860B-3208F4B814FA}"
EndProject
Global
	GlobalSection(SolutionConfigurationPlatforms) = preSolution
		Debug|Any CPU = Debug|Any CPU
		Release|Any CPU = Release|Any CPU
	EndGlobalSection
	GlobalSection(ProjectConfigurationPlatforms) = postSolution
		{9F2A3003-79C6-4CB8-860B-3208F4B814FA}.Debug|Any CPU.ActiveCfg = Debug|Any CPU
		{9F2A3003-79C6-4CB8-860B-3208F4B814FA}.Debug|Any CPU.Build.0 = Debug|Any CPU
		{9F2A3003-79C6-4CB8-860B-3208F4B814FA}.Release|Any CPU.ActiveCfg = Release|Any CPU
		{9F2A3003-79C6-4CB8-860B-3208F4B814FA}.Release|Any CPU.Build.0 = Release|Any CPU
	EndGlobalSection
	GlobalSection(SolutionProperties) = preSolution
		HideSolutionNode = FALSE
	EndGlobalSection
	GlobalSection(ExtensibilityGlobals) = postSolution
		SolutionGuid = {EB684F9D-6A0B-475F-BAA9-E1461BCFD708}
	EndGlobalSection
EndGlobal
